{
  "version": "5",
  "specifiers": {
    "jsr:@logtape/logtape@^2.0.4": "2.0.4",
    "jsr:@std/assert@1": "1.0.19",
    "jsr:@std/internal@^1.0.12": "1.0.12",
    "jsr:@std/path@^1.1.4": "1.1.4",
    "jsr:@zod/zod@^4.3.6": "4.3.6",
    "npm:katex@~0.16.40": "0.16.40"
  },
  "jsr": {
    "@logtape/logtape@2.0.4": {
      "integrity": "d4b6e85d82954f3d58014d85e4c0f93d6a836181ef4fbb4a852da7ed47979acb"
    },
    "@std/assert@1.0.19": {
      "integrity": "eaada96ee120cb980bc47e040f82814d786fe8162ecc53c91d8df60b8755991e",
      "dependencies": [
        "jsr:@std/internal"
      ]
    },
    "@std/internal@1.0.12": {
      "integrity": "972a634fd5bc34b242024402972cd5143eac68d8dffaca5eaa4dba30ce17b027"
    },
    "@std/path@1.1.4": {
      "integrity": "1d2d43f39efb1b42f0b1882a25486647cb851481862dc7313390b2bb044314b5",
      "dependencies": [
        "jsr:@std/internal"
      ]
    },
    "@zod/zod@4.3.6": {
      "integrity": "7144e5e11f8ffc3cf6e2fca624f6597a8762898aac9868cc8938e9398b96ffe4"
    }
  },
  "npm": {
    "commander@8.3.0": {
      "integrity": "sha512-OkTL9umf+He2DZkUq8f8J9of7yL6RJKI24dVITBmNfZBmri9zYZQrKkuXiKhyfPSu8tUhnVBB1iKXevvnlR4Ww=="
    },
    "katex@0.16.40": {
      "integrity": "sha512-1DJcK/L05k1Y9Gf7wMcyuqFOL6BiY3vY0CFcAM/LPRN04NALxcl6u7lOWNsp3f/bCHWxigzQl6FbR95XJ4R84Q==",
      "dependencies": [
        "commander"
      ],
      "bin": true
    }
  },
  "workspace": {
    "dependencies": [
      "jsr:@logtape/logtape@^2.0.4",
      "jsr:@std/assert@1",
      "jsr:@std/path@^1.1.4",
      "jsr:@zod/zod@^4.3.6",
      "npm:katex@~0.16.40"
    ]
  }
}
